
Microsoft Visual Studio Solution File, Format Version 12.00
# Visual Studio Version 17
VisualStudioVersion = 17.5.002.0
MinimumVisualStudioVersion = 10.0.40219.1
Project("{9A19103F-16F7-4668-BE54-9A1E7A4F7556}") = "ConcertApi", "ConcertApi.csproj", "{56FCDEC4-1E9D-49CA-B4A5-C1189995B0B4}"
EndProject
Global
	GlobalSection(SolutionConfigurationPlatforms) = preSolution
		Debug|Any CPU = Debug|Any CPU
		Release|Any CPU = Release|Any CPU
	EndGlobalSection
	GlobalSection(ProjectConfigurationPlatforms) = postSolution
		{56FCDEC4-1E9D-49CA-B4A5-C1189995B0B4}.Debug|Any CPU.ActiveCfg = Debug|Any CPU
		{56FCDEC4-1E9D-49CA-B4A5-C1189995B0B4}.Debug|Any CPU.Build.0 = Debug|Any CPU
		{56FCDEC4-1E9D-49CA-B4A5-C1189995B0B4}.Release|Any CPU.ActiveCfg = Release|Any CPU
		{56FCDEC4-1E9D-49CA-B4A5-C1189995B0B4}.Release|Any CPU.Build.0 = Release|Any CPU
	EndGlobalSection
	GlobalSection(SolutionProperties) = preSolution
		HideSolutionNode = FALSE
	EndGlobalSection
	GlobalSection(ExtensibilityGlobals) = postSolution
		SolutionGuid = {FB0AA09B-FC3B-4C98-9973-000862CA182C}
	EndGlobalSection
EndGlobal
